github.com/J-Siu/go-ezlog/v2 v2.1.3 h1:A3LWSvSbvUByTSWuHsvTIenPTvNMbp2K1s5lwfxKH18=
github.com/J-Siu/go-ezlog/v2 v2.1.3/go.mod h1:lHk52GUbR9icnpM4TFIo39Vqt+7P8VF7hg5MNzZ+pnI=
github.com/J-Siu/go-strany v1.0.0 h1:iF9RCnNqWky690eqrpjIA+TsRzR60FKZwxBuQmaJiRE=
github.com/J-Siu/go-strany v1.0.0/go.mod h1:Yk/0OvltUlhYPOvfiM2twmvNFHtEVhkSu/Aw8IjtW5Q=
